
Microsoft Visual Studio Solution File, Format Version 12.00
# Visual Studio Version 16
VisualStudioVersion = 16.0.28922.388
MinimumVisualStudioVersion = 10.0.40219.1
Project("{FAE04EC0-301F-11D3-BF4B-00C04F79EFBC}") = "HelloWorldTaishaun", "HelloWorldTaishaun\HelloWorldTaishaun.csproj", "{D3D56FFB-CB65-4B15-8C15-33ADFDCECA54}"
EndProject
Global
	GlobalSection(SolutionConfigurationPlatforms) = preSolution
		Debug|Any CPU = Debug|Any CPU
		Release|Any CPU = Release|Any CPU
	EndGlobalSection
	GlobalSection(ProjectConfigurationPlatforms) = postSolution
		{D3D56FFB-CB65-4B15-8C15-33ADFDCECA54}.Debug|Any CPU.ActiveCfg = Debug|Any CPU
		{D3D56FFB-CB65-4B15-8C15-33ADFDCECA54}.Debug|Any CPU.Build.0 = Debug|Any CPU
		{D3D56FFB-CB65-4B15-8C15-33ADFDCECA54}.Release|Any CPU.ActiveCfg = Release|Any CPU
		{D3D56FFB-CB65-4B15-8C15-33ADFDCECA54}.Release|Any CPU.Build.0 = Release|Any CPU
	EndGlobalSection
	GlobalSection(SolutionProperties) = preSolution
		HideSolutionNode = FALSE
	EndGlobalSection
	GlobalSection(ExtensibilityGlobals) = postSolution
		SolutionGuid = {E7210053-807C-4BC5-B74B-20824E7929B6}
	EndGlobalSection
EndGlobal
